
Microsoft Visual Studio Solution File, Format Version 12.00
# Visual Studio Version 17
VisualStudioVersion = 17.8.34316.72
MinimumVisualStudioVersion = 10.0.40219.1
Project("{9A19103F-16F7-4668-BE54-9A1E7A4F7556}") = "GPTRapBattle", "GPTRapBattle\GPTRapBattle.csproj", "{F98E91C3-C334-4E21-B335-6D5088D6AF0A}"
EndProject
Project("{2150E333-8FDC-42A3-9474-1A3956D46DE8}") = "Solution Items", "Solution Items", "{725A6AA8-7EAB-4C63-BD56-23DAB8E1AAE9}"
	ProjectSection(SolutionItems) = preProject
		.gitignore = .gitignore
		LICENSE = LICENSE
		README.md = README.md
	EndProjectSection
EndProject
Global
	GlobalSection(SolutionConfigurationPlatforms) = preSolution
		Debug|Any CPU = Debug|Any CPU
		Release|Any CPU = Release|Any CPU
	EndGlobalSection
	GlobalSection(ProjectConfigurationPlatforms) = postSolution
		{F98E91C3-C334-4E21-B335-6D5088D6AF0A}.Debug|Any CPU.ActiveCfg = Debug|Any CPU
		{F98E91C3-C334-4E21-B335-6D5088D6AF0A}.Debug|Any CPU.Build.0 = Debug|Any CPU
		{F98E91C3-C334-4E21-B335-6D5088D6AF0A}.Release|Any CPU.ActiveCfg = Release|Any CPU
		{F98E91C3-C334-4E21-B335-6D5088D6AF0A}.Release|Any CPU.Build.0 = Release|Any CPU
	EndGlobalSection
	GlobalSection(SolutionProperties) = preSolution
		HideSolutionNode = FALSE
	EndGlobalSection
	GlobalSection(ExtensibilityGlobals) = postSolution
		SolutionGuid = {E171860E-50A7-4F50-8704-A2095B1B3E61}
	EndGlobalSection
EndGlobal
